
Microsoft Visual Studio Solution File, Format Version 12.00
# Visual Studio Version 17
VisualStudioVersion = 17.4.33122.133
MinimumVisualStudioVersion = 10.0.40219.1
Project("{9A19103F-16F7-4668-BE54-9A1E7A4F7556}") = "TangyWeb_Server", "TangyWeb_Server\TangyWeb_Server.csproj", "{2ECD509D-C2BD-43DE-B006-9B43A77D668D}"
EndProject
Project("{FAE04EC0-301F-11D3-BF4B-00C04F79EFBC}") = "TangyWeb_Client", "TangyWeb_Client\TangyWeb_Client.csproj", "{3EB2E013-617D-41B5-988A-82AE5EE9673F}"
EndProject
Global
	GlobalSection(SolutionConfigurationPlatforms) = preSolution
		Debug|Any CPU = Debug|Any CPU
		Release|Any CPU = Release|Any CPU
	EndGlobalSection
	GlobalSection(ProjectConfigurationPlatforms) = postSolution
		{2ECD509D-C2BD-43DE-B006-9B43A77D668D}.Debug|Any CPU.ActiveCfg = Debug|Any CPU
		{2ECD509D-C2BD-43DE-B006-9B43A77D668D}.Debug|Any CPU.Build.0 = Debug|Any CPU
		{2ECD509D-C2BD-43DE-B006-9B43A77D668D}.Release|Any CPU.ActiveCfg = Release|Any CPU
		{2ECD509D-C2BD-43DE-B006-9B43A77D668D}.Release|Any CPU.Build.0 = Release|Any CPU
		{3EB2E013-617D-41B5-988A-82AE5EE9673F}.Debug|Any CPU.ActiveCfg = Debug|Any CPU
		{3EB2E013-617D-41B5-988A-82AE5EE9673F}.Debug|Any CPU.Build.0 = Debug|Any CPU
		{3EB2E013-617D-41B5-988A-82AE5EE9673F}.Release|Any CPU.ActiveCfg = Release|Any CPU
		{3EB2E013-617D-41B5-988A-82AE5EE9673F}.Release|Any CPU.Build.0 = Release|Any CPU
	EndGlobalSection
	GlobalSection(SolutionProperties) = preSolution
		HideSolutionNode = FALSE
	EndGlobalSection
	GlobalSection(ExtensibilityGlobals) = postSolution
		SolutionGuid = {9DA64571-964C-4377-8E76-19A4B7FAC24A}
	EndGlobalSection
EndGlobal
